// !$*UTF8*$!
{
	archiveVersion = 1;
	classes = {
	};
	objectVersion = 46;
	objects = {

/* Begin PBXBuildFile section */
		F10039CD1C40C24F00C3091F /* BNRAssetTypeTableViewController.m in Sources */ = {isa = PBXBuildFile; fileRef = F10039CC1C40C24F00C3091F /* BNRAssetTypeTableViewController.m */; settings = {ASSET_TAGS = (); }; };
		F10039D11C40FB5400C3091F /* BNRAddNewTypeViewController.m in Sources */ = {isa = PBXBuildFile; fileRef = F10039CF1C40FB5400C3091F /* BNRAddNewTypeViewController.m */; settings = {ASSET_TAGS = (); }; };
		F10039D21C40FB5400C3091F /* BNRAddNewTypeViewController.xib in Resources */ = {isa = PBXBuildFile; fileRef = F10039D01C40FB5400C3091F /* BNRAddNewTypeViewController.xib */; settings = {ASSET_TAGS = (); }; };
		F10039D41C4E84B600C3091F /* Settings.bundle in Resources */ = {isa = PBXBuildFile; fileRef = F10039D31C4E84B500C3091F /* Settings.bundle */; settings = {ASSET_TAGS = (); }; };
		F10039D51C4E889300C3091F /* CameraOverLayView.xib in Resources */ = {isa = PBXBuildFile; fileRef = F10039D71C4E889300C3091F /* CameraOverLayView.xib */; };
		F10039EF1C4E8D4200C3091F /* DatePickerViewController.xib in Resources */ = {isa = PBXBuildFile; fileRef = F10039F11C4E8D4200C3091F /* DatePickerViewController.xib */; };
		F15CCEDB1C2D804F004318F3 /* BNRDetailViewController.m in Sources */ = {isa = PBXBuildFile; fileRef = F15CCED91C2D804F004318F3 /* BNRDetailViewController.m */; settings = {ASSET_TAGS = (); }; };
		F15CCEDC1C2D804F004318F3 /* BNRDetailViewController.xib in Resources */ = {isa = PBXBuildFile; fileRef = F15CCEDA1C2D804F004318F3 /* BNRDetailViewController.xib */; settings = {ASSET_TAGS = (); }; };
		F15CCEE01C2E79FA004318F3 /* DatePickerViewController.m in Sources */ = {isa = PBXBuildFile; fileRef = F15CCEDE1C2E79FA004318F3 /* DatePickerViewController.m */; settings = {ASSET_TAGS = (); }; };
		F15CCEE41C2F01B0004318F3 /* BNRImageStore.m in Sources */ = {isa = PBXBuildFile; fileRef = F15CCEE31C2F01B0004318F3 /* BNRImageStore.m */; settings = {ASSET_TAGS = (); }; };
		F1CBD5011C6127CA00F45384 /* BNRNavDetailViewController.m in Sources */ = {isa = PBXBuildFile; fileRef = F1CBD5001C6127CA00F45384 /* BNRNavDetailViewController.m */; settings = {ASSET_TAGS = (); }; };
		F1DC05821C2BE3DB0074ED92 /* main.m in Sources */ = {isa = PBXBuildFile; fileRef = F1DC05811C2BE3DB0074ED92 /* main.m */; };
		F1DC05851C2BE3DB0074ED92 /* AppDelegate.m in Sources */ = {isa = PBXBuildFile; fileRef = F1DC05841C2BE3DB0074ED92 /* AppDelegate.m */; };
		F1DC05881C2BE3DB0074ED92 /* ViewController.m in Sources */ = {isa = PBXBuildFile; fileRef = F1DC05871C2BE3DB0074ED92 /* ViewController.m */; };
		F1DC058B1C2BE3DB0074ED92 /* Main.storyboard in Resources */ = {isa = PBXBuildFile; fileRef = F1DC05891C2BE3DB0074ED92 /* Main.storyboard */; };
		F1DC058D1C2BE3DB0074ED92 /* Assets.xcassets in Resources */ = {isa = PBXBuildFile; fileRef = F1DC058C1C2BE3DB0074ED92 /* Assets.xcassets */; };
		F1DC05901C2BE3DB0074ED92 /* LaunchScreen.storyboard in Resources */ = {isa = PBXBuildFile; fileRef = F1DC058E1C2BE3DB0074ED92 /* LaunchScreen.storyboard */; };
		F1DC059B1C2BE3DB0074ED92 /* HomepwnerTests.m in Sources */ = {isa = PBXBuildFile; fileRef = F1DC059A1C2BE3DB0074ED92 /* HomepwnerTests.m */; };
		F1DC05A61C2BE3DB0074ED92 /* HomepwnerUITests.m in Sources */ = {isa = PBXBuildFile; fileRef = F1DC05A51C2BE3DB0074ED92 /* HomepwnerUITests.m */; };
		F1DC05B81C2BE5370074ED92 /* BNRItemsTableViewController.m in Sources */ = {isa = PBXBuildFile; fileRef = F1DC05B71C2BE5370074ED92 /* BNRItemsTableViewController.m */; settings = {ASSET_TAGS = (); }; };
		F1DC05BB1C2BE7B50074ED92 /* BNRItemStore.m in Sources */ = {isa = PBXBuildFile; fileRef = F1DC05BA1C2BE7B50074ED92 /* BNRItemStore.m */; settings = {ASSET_TAGS = (); }; };
		F1DC05C61C2C28910074ED92 /* HeadView.xib in Resources */ = {isa = PBXBuildFile; fileRef = F1DC05C51C2C28910074ED92 /* HeadView.xib */; settings = {ASSET_TAGS = (); }; };
		F1DEEA761C53528700F968D5 /* PopAnimation.m in Sources */ = {isa = PBXBuildFile; fileRef = F1DEEA751C53528700F968D5 /* PopAnimation.m */; settings = {ASSET_TAGS = (); }; };
		F1DEEA7C1C53947100F968D5 /* PopAnimationViewController.m in Sources */ = {isa = PBXBuildFile; fileRef = F1DEEA7B1C53947100F968D5 /* PopAnimationViewController.m */; settings = {ASSET_TAGS = (); }; };
		F1F3A29E1C3A5D9200F9B31D /* BNRItemCell.m in Sources */ = {isa = PBXBuildFile; fileRef = F1F3A29D1C3A5D9200F9B31D /* BNRItemCell.m */; settings = {ASSET_TAGS = (); }; };
		F1F3A2A01C3A5DCF00F9B31D /* BNRItemCell.xib in Resources */ = {isa = PBXBuildFile; fileRef = F1F3A29F1C3A5DCF00F9B31D /* BNRItemCell.xib */; settings = {ASSET_TAGS = (); }; };
		F1F3A2A81C3AAE3500F9B31D /* BNRImageViewController.m in Sources */ = {isa = PBXBuildFile; fileRef = F1F3A2A71C3AAE3500F9B31D /* BNRImageViewController.m */; settings = {ASSET_TAGS = (); }; };
		F1F3A2FA1C3FA62E00F9B31D /* BNRItem.xcdatamodeld in Sources */ = {isa = PBXBuildFile; fileRef = F1F3A2F81C3FA62D00F9B31D /* BNRItem.xcdatamodeld */; settings = {ASSET_TAGS = (); }; };
		F1F3A2FD1C3FA81700F9B31D /* BNRImageTransformer.m in Sources */ = {isa = PBXBuildFile; fileRef = F1F3A2FC1C3FA81700F9B31D /* BNRImageTransformer.m */; settings = {ASSET_TAGS = (); }; };
		F1F3A3031C3FB3F400F9B31D /* BNRItem+CoreDataProperties.m in Sources */ = {isa = PBXBuildFile; fileRef = F1F3A3001C3FB3F400F9B31D /* BNRItem+CoreDataProperties.m */; settings = {ASSET_TAGS = (); }; };
		F1F3A3041C3FB3F400F9B31D /* BNRItem.m in Sources */ = {isa = PBXBuildFile; fileRef = F1F3A3021C3FB3F400F9B31D /* BNRItem.m */; settings = {ASSET_TAGS = (); }; };
/* End PBXBuildFile section */

/* Begin PBXContainerItemProxy section */
		F1DC05971C2BE3DB0074ED92 /* PBXContainerItemProxy */ = {
			isa = PBXContainerItemProxy;
			containerPortal = F1DC05751C2BE3DA0074ED92 /* Project object */;
			proxyType = 1;
			remoteGlobalIDString = F1DC057C1C2BE3DA0074ED92;
			remoteInfo = Homepwner;
		};
		F1DC05A21C2BE3DB0074ED92 /* PBXContainerItemProxy */ = {
			isa = PBXContainerItemProxy;
			containerPortal = F1DC05751C2BE3DA0074ED92 /* Project object */;
			proxyType = 1;
			remoteGlobalIDString = F1DC057C1C2BE3DA0074ED92;
			remoteInfo = Homepwner;
		};
/* End PBXContainerItemProxy section */

/* Begin PBXFileReference section */
		F10039CB1C40C24F00C3091F /* BNRAssetTypeTableViewController.h */ = {isa = PBXFileReference; fileEncoding = 4; lastKnownFileType = sourcecode.c.h; path = BNRAssetTypeTableViewController.h; sourceTree = "<group>"; };
		F10039CC1C40C24F00C3091F /* BNRAssetTypeTableViewController.m */ = {isa = PBXFileReference; fileEncoding = 4; lastKnownFileType = sourcecode.c.objc; path = BNRAssetTypeTableViewController.m; sourceTree = "<group>"; };
		F10039CE1C40FB5400C3091F /* BNRAddNewTypeViewController.h */ = {isa = PBXFileReference; fileEncoding = 4; lastKnownFileType = sourcecode.c.h; path = BNRAddNewTypeViewController.h; sourceTree = "<group>"; };
		F10039CF1C40FB5400C3091F /* BNRAddNewTypeViewController.m */ = {isa = PBXFileReference; fileEncoding = 4; lastKnownFileType = sourcecode.c.objc; path = BNRAddNewTypeViewController.m; sourceTree = "<group>"; };
		F10039D01C40FB5400C3091F /* BNRAddNewTypeViewController.xib */ = {isa = PBXFileReference; fileEncoding = 4; lastKnownFileType = file.xib; path = BNRAddNewTypeViewController.xib; sourceTree = "<group>"; };
		F10039D31C4E84B500C3091F /* Settings.bundle */ = {isa = PBXFileReference; lastKnownFileType = "wrapper.plug-in"; path = Settings.bundle; sourceTree = "<group>"; };
		F10039E41C4E8C5900C3091F /* Base */ = {isa = PBXFileReference; lastKnownFileType = file.storyboard; name = Base; path = Base.lproj/Main.storyboard; sourceTree = "<group>"; };
		F10039E51C4E8C5900C3091F /* Base */ = {isa = PBXFileReference; lastKnownFileType = file.storyboard; name = Base; path = Base.lproj/LaunchScreen.storyboard; sourceTree = "<group>"; };
		F10039E61C4E8C5A00C3091F /* Base */ = {isa = PBXFileReference; lastKnownFileType = file.xib; name = Base; path = Base.lproj/CameraOverLayView.xib; sourceTree = "<group>"; };
		F10039E81C4E8CA400C3091F /* zh-Hans */ = {isa = PBXFileReference; lastKnownFileType = text.plist.strings; name = "zh-Hans"; path = "zh-Hans.lproj/CameraOverLayView.strings"; sourceTree = "<group>"; };
		F10039E91C4E8CFB00C3091F /* zh-Hant */ = {isa = PBXFileReference; lastKnownFileType = text.plist.strings; name = "zh-Hant"; path = "zh-Hant.lproj/Main.strings"; sourceTree = "<group>"; };
		F10039EA1C4E8CFC00C3091F /* zh-Hant */ = {isa = PBXFileReference; lastKnownFileType = text.plist.strings; name = "zh-Hant"; path = "zh-Hant.lproj/LaunchScreen.strings"; sourceTree = "<group>"; };
		F10039EB1C4E8CFC00C3091F /* zh-Hant */ = {isa = PBXFileReference; lastKnownFileType = text.plist.strings; name = "zh-Hant"; path = "zh-Hant.lproj/CameraOverLayView.strings"; sourceTree = "<group>"; };
		F10039EC1C4E8D2C00C3091F /* en */ = {isa = PBXFileReference; lastKnownFileType = text.plist.strings; name = en; path = en.lproj/Main.strings; sourceTree = "<group>"; };
		F10039ED1C4E8D2C00C3091F /* en */ = {isa = PBXFileReference; lastKnownFileType = text.plist.strings; name = en; path = en.lproj/LaunchScreen.strings; sourceTree = "<group>"; };
		F10039EE1C4E8D2C00C3091F /* en */ = {isa = PBXFileReference; lastKnownFileType = text.plist.strings; name = en; path = en.lproj/CameraOverLayView.strings; sourceTree = "<group>"; };
		F10039F01C4E8D4200C3091F /* Base */ = {isa = PBXFileReference; lastKnownFileType = file.xib; name = Base; path = Base.lproj/DatePickerViewController.xib; sourceTree = "<group>"; };
		F10039F31C4E8D4B00C3091F /* zh-Hans */ = {isa = PBXFileReference; lastKnownFileType = text.plist.strings; name = "zh-Hans"; path = "zh-Hans.lproj/DatePickerViewController.strings"; sourceTree = "<group>"; };
		F10039F51C4E8D4F00C3091F /* en */ = {isa = PBXFileReference; lastKnownFileType = text.plist.strings; name = en; path = en.lproj/DatePickerViewController.strings; sourceTree = "<group>"; };
		F15CCED81C2D804F004318F3 /* BNRDetailViewController.h */ = {isa = PBXFileReference; fileEncoding = 4; lastKnownFileType = sourcecode.c.h; path = BNRDetailViewController.h; sourceTree = "<group>"; };
		F15CCED91C2D804F004318F3 /* BNRDetailViewController.m */ = {isa = PBXFileReference; fileEncoding = 4; lastKnownFileType = sourcecode.c.objc; path = BNRDetailViewController.m; sourceTree = "<group>"; };
		F15CCEDA1C2D804F004318F3 /* BNRDetailViewController.xib */ = {isa = PBXFileReference; fileEncoding = 4; lastKnownFileType = file.xib; path = BNRDetailViewController.xib; sourceTree = "<group>"; };
		F15CCEDD1C2E79FA004318F3 /* DatePickerViewController.h */ = {isa = PBXFileReference; fileEncoding = 4; lastKnownFileType = sourcecode.c.h; path = DatePickerViewController.h; sourceTree = "<group>"; };
		F15CCEDE1C2E79FA004318F3 /* DatePickerViewController.m */ = {isa = PBXFileReference; fileEncoding = 4; lastKnownFileType = sourcecode.c.objc; path = DatePickerViewController.m; sourceTree = "<group>"; };
		F15CCEE21C2F01B0004318F3 /* BNRImageStore.h */ = {isa = PBXFileReference; fileEncoding = 4; lastKnownFileType = sourcecode.c.h; path = BNRImageStore.h; sourceTree = "<group>"; };
		F15CCEE31C2F01B0004318F3 /* BNRImageStore.m */ = {isa = PBXFileReference; fileEncoding = 4; lastKnownFileType = sourcecode.c.objc; path = BNRImageStore.m; sourceTree = "<group>"; };
		F1CBD4FF1C6127CA00F45384 /* BNRNavDetailViewController.h */ = {isa = PBXFileReference; fileEncoding = 4; lastKnownFileType = sourcecode.c.h; path = BNRNavDetailViewController.h; sourceTree = "<group>"; };
		F1CBD5001C6127CA00F45384 /* BNRNavDetailViewController.m */ = {isa = PBXFileReference; fileEncoding = 4; lastKnownFileType = sourcecode.c.objc; path = BNRNavDetailViewController.m; sourceTree = "<group>"; };
		F1DC057D1C2BE3DB0074ED92 /* Homepwner.app */ = {isa = PBXFileReference; explicitFileType = wrapper.application; includeInIndex = 0; path = Homepwner.app; sourceTree = BUILT_PRODUCTS_DIR; };
		F1DC05811C2BE3DB0074ED92 /* main.m */ = {isa = PBXFileReference; lastKnownFileType = sourcecode.c.objc; path = main.m; sourceTree = "<group>"; };
		F1DC05831C2BE3DB0074ED92 /* AppDelegate.h */ = {isa = PBXFileReference; lastKnownFileType = sourcecode.c.h; path = AppDelegate.h; sourceTree = "<group>"; };
		F1DC05841C2BE3DB0074ED92 /* AppDelegate.m */ = {isa = PBXFileReference; lastKnownFileType = sourcecode.c.objc; path = AppDelegate.m; sourceTree = "<group>"; };
		F1DC05861C2BE3DB0074ED92 /* ViewController.h */ = {isa = PBXFileReference; lastKnownFileType = sourcecode.c.h; path = ViewController.h; sourceTree = "<group>"; };
		F1DC05871C2BE3DB0074ED92 /* ViewController.m */ = {isa = PBXFileReference; lastKnownFileType = sourcecode.c.objc; path = ViewController.m; sourceTree = "<group>"; };
		F1DC058C1C2BE3DB0074ED92 /* Assets.xcassets */ = {isa = PBXFileReference; lastKnownFileType = folder.assetcatalog; path = Assets.xcassets; sourceTree = "<group>"; };
		F1DC05911C2BE3DB0074ED92 /* Info.plist */ = {isa = PBXFileReference; lastKnownFileType = text.plist.xml; path = Info.plist; sourceTree = "<group>"; };
		F1DC05961C2BE3DB0074ED92 /* HomepwnerTests.xctest */ = {isa = PBXFileReference; explicitFileType = wrapper.cfbundle; includeInIndex = 0; path = HomepwnerTests.xctest; sourceTree = BUILT_PRODUCTS_DIR; };
		F1DC059A1C2BE3DB0074ED92 /* HomepwnerTests.m */ = {isa = PBXFileReference; lastKnownFileType = sourcecode.c.objc; path = HomepwnerTests.m; sourceTree = "<group>"; };
		F1DC059C1C2BE3DB0074ED92 /* Info.plist */ = {isa = PBXFileReference; lastKnownFileType = text.plist.xml; path = Info.plist; sourceTree = "<group>"; };
		F1DC05A11C2BE3DB0074ED92 /* HomepwnerUITests.xctest */ = {isa = PBXFileReference; explicitFileType = wrapper.cfbundle; includeInIndex = 0; path = HomepwnerUITests.xctest; sourceTree = BUILT_PRODUCTS_DIR; };
		F1DC05A51C2BE3DB0074ED92 /* HomepwnerUITests.m */ = {isa = PBXFileReference; lastKnownFileType = sourcecode.c.objc; path = HomepwnerUITests.m; sourceTree = "<group>"; };
		F1DC05A71C2BE3DB0074ED92 /* Info.plist */ = {isa = PBXFileReference; lastKnownFileType = text.plist.xml; path = Info.plist; sourceTree = "<group>"; };
		F1DC05B61C2BE5370074ED92 /* BNRItemsTableViewController.h */ = {isa = PBXFileReference; fileEncoding = 4; lastKnownFileType = sourcecode.c.h; path = BNRItemsTableViewController.h; sourceTree = "<group>"; };
		F1DC05B71C2BE5370074ED92 /* BNRItemsTableViewController.m */ = {isa = PBXFileReference; fileEncoding = 4; lastKnownFileType = sourcecode.c.objc; path = BNRItemsTableViewController.m; sourceTree = "<group>"; };
		F1DC05B91C2BE7B50074ED92 /* BNRItemStore.h */ = {isa = PBXFileReference; fileEncoding = 4; lastKnownFileType = sourcecode.c.h; path = BNRItemStore.h; sourceTree = "<group>"; };
		F1DC05BA1C2BE7B50074ED92 /* BNRItemStore.m */ = {isa = PBXFileReference; fileEncoding = 4; lastKnownFileType = sourcecode.c.objc; path = BNRItemStore.m; sourceTree = "<group>"; };
		F1DC05C51C2C28910074ED92 /* HeadView.xib */ = {isa = PBXFileReference; fileEncoding = 4; lastKnownFileType = file.xib; path = HeadView.xib; sourceTree = "<group>"; };
		F1DEEA741C53528700F968D5 /* PopAnimation.h */ = {isa = PBXFileReference; fileEncoding = 4; lastKnownFileType = sourcecode.c.h; path = PopAnimation.h; sourceTree = "<group>"; };
		F1DEEA751C53528700F968D5 /* PopAnimation.m */ = {isa = PBXFileReference; fileEncoding = 4; lastKnownFileType = sourcecode.c.objc; path = PopAnimation.m; sourceTree = "<group>"; };
		F1DEEA7A1C53947000F968D5 /* PopAnimationViewController.h */ = {isa = PBXFileReference; fileEncoding = 4; lastKnownFileType = sourcecode.c.h; path = PopAnimationViewController.h; sourceTree = "<group>"; };
		F1DEEA7B1C53947100F968D5 /* PopAnimationViewController.m */ = {isa = PBXFileReference; fileEncoding = 4; lastKnownFileType = sourcecode.c.objc; path = PopAnimationViewController.m; sourceTree = "<group>"; };
		F1F3A29C1C3A5D9200F9B31D /* BNRItemCell.h */ = {isa = PBXFileReference; fileEncoding = 4; lastKnownFileType = sourcecode.c.h; path = BNRItemCell.h; sourceTree = "<group>"; };
		F1F3A29D1C3A5D9200F9B31D /* BNRItemCell.m */ = {isa = PBXFileReference; fileEncoding = 4; lastKnownFileType = sourcecode.c.objc; path = BNRItemCell.m; sourceTree = "<group>"; };
		F1F3A29F1C3A5DCF00F9B31D /* BNRItemCell.xib */ = {isa = PBXFileReference; fileEncoding = 4; lastKnownFileType = file.xib; path = BNRItemCell.xib; sourceTree = "<group>"; };
		F1F3A2A61C3AAE3500F9B31D /* BNRImageViewController.h */ = {isa = PBXFileReference; fileEncoding = 4; lastKnownFileType = sourcecode.c.h; path = BNRImageViewController.h; sourceTree = "<group>"; };
		F1F3A2A71C3AAE3500F9B31D /* BNRImageViewController.m */ = {isa = PBXFileReference; fileEncoding = 4; lastKnownFileType = sourcecode.c.objc; path = BNRImageViewController.m; sourceTree = "<group>"; };
		F1F3A2F91C3FA62E00F9B31D /* BNRItem.xcdatamodel */ = {isa = PBXFileReference; lastKnownFileType = wrapper.xcdatamodel; path = BNRItem.xcdatamodel; sourceTree = "<group>"; };
		F1F3A2FB1C3FA81700F9B31D /* BNRImageTransformer.h */ = {isa = PBXFileReference; fileEncoding = 4; lastKnownFileType = sourcecode.c.h; path = BNRImageTransformer.h; sourceTree = "<group>"; };
		F1F3A2FC1C3FA81700F9B31D /* BNRImageTransformer.m */ = {isa = PBXFileReference; fileEncoding = 4; lastKnownFileType = sourcecode.c.objc; path = BNRImageTransformer.m; sourceTree = "<group>"; };
		F1F3A2FF1C3FB3F400F9B31D /* BNRItem+CoreDataProperties.h */ = {isa = PBXFileReference; fileEncoding = 4; lastKnownFileType = sourcecode.c.h; name = "BNRItem+CoreDataProperties.h"; path = "../BNRItem+CoreDataProperties.h"; sourceTree = "<group>"; };
		F1F3A3001C3FB3F400F9B31D /* BNRItem+CoreDataProperties.m */ = {isa = PBXFileReference; fileEncoding = 4; lastKnownFileType = sourcecode.c.objc; name = "BNRItem+CoreDataProperties.m"; path = "../BNRItem+CoreDataProperties.m"; sourceTree = "<group>"; };
		F1F3A3011C3FB3F400F9B31D /* BNRItem.h */ = {isa = PBXFileReference; fileEncoding = 4; lastKnownFileType = sourcecode.c.h; name = BNRItem.h; path = ../BNRItem.h; sourceTree = "<group>"; };
		F1F3A3021C3FB3F400F9B31D /* BNRItem.m */ = {isa = PBXFileReference; fileEncoding = 4; lastKnownFileType = sourcecode.c.objc; name = BNRItem.m; path = ../BNRItem.m; sourceTree = "<group>"; };
/* End PBXFileReference section */

/* Begin PBXFrameworksBuildPhase section */
		F1DC057A1C2BE3DA0074ED92 /* Frameworks */ = {
			isa = PBXFrameworksBuildPhase;
			buildActionMask = 2147483647;
			files = (
			);
			runOnlyForDeploymentPostprocessing = 0;
		};
		F1DC05931C2BE3DB0074ED92 /* Frameworks */ = {
			isa = PBXFrameworksBuildPhase;
			buildActionMask = 2147483647;
			files = (
			);
			runOnlyForDeploymentPostprocessing = 0;
		};
		F1DC059E1C2BE3DB0074ED92 /* Frameworks */ = {
			isa = PBXFrameworksBuildPhase;
			buildActionMask = 2147483647;
			files = (
			);
			runOnlyForDeploymentPostprocessing = 0;
		};
/* End PBXFrameworksBuildPhase section */

/* Begin PBXGroup section */
		F1DC05741C2BE3DA0074ED92 = {
			isa = PBXGroup;
			children = (
				F1DC057F1C2BE3DB0074ED92 /* Homepwner */,
				F1DC05991C2BE3DB0074ED92 /* HomepwnerTests */,
				F1DC05A41C2BE3DB0074ED92 /* HomepwnerUITests */,
				F1DC057E1C2BE3DB0074ED92 /* Products */,
			);
			sourceTree = "<group>";
		};
		F1DC057E1C2BE3DB0074ED92 /* Products */ = {
			isa = PBXGroup;
			children = (
				F1DC057D1C2BE3DB0074ED92 /* Homepwner.app */,
				F1DC05961C2BE3DB0074ED92 /* HomepwnerTests.xctest */,
				F1DC05A11C2BE3DB0074ED92 /* HomepwnerUITests.xctest */,
			);
			name = Products;
			sourceTree = "<group>";
		};
		F1DC057F1C2BE3DB0074ED92 /* Homepwner */ = {
			isa = PBXGroup;
			children = (
				F1DC05831C2BE3DB0074ED92 /* AppDelegate.h */,
				F1DC05841C2BE3DB0074ED92 /* AppDelegate.m */,
				F1DC05861C2BE3DB0074ED92 /* ViewController.h */,
				F1DC05871C2BE3DB0074ED92 /* ViewController.m */,
				F1DC05891C2BE3DB0074ED92 /* Main.storyboard */,
				F1DC058C1C2BE3DB0074ED92 /* Assets.xcassets */,
				F1DC058E1C2BE3DB0074ED92 /* LaunchScreen.storyboard */,
				F1DC05911C2BE3DB0074ED92 /* Info.plist */,
				F1DC05801C2BE3DB0074ED92 /* Supporting Files */,
				F1DEEA731C53524600F968D5 /* back gesture */,
				F1F3A2FE1C3FA82300F9B31D /* core data */,
				F1DC05B61C2BE5370074ED92 /* BNRItemsTableViewController.h */,
				F1DC05B71C2BE5370074ED92 /* BNRItemsTableViewController.m */,
				F1F3A29C1C3A5D9200F9B31D /* BNRItemCell.h */,
				F1F3A29D1C3A5D9200F9B31D /* BNRItemCell.m */,
				F1F3A29F1C3A5DCF00F9B31D /* BNRItemCell.xib */,
				F1F3A2A61C3AAE3500F9B31D /* BNRImageViewController.h */,
				F1F3A2A71C3AAE3500F9B31D /* BNRImageViewController.m */,
				F1DC05B91C2BE7B50074ED92 /* BNRItemStore.h */,
				F1DC05BA1C2BE7B50074ED92 /* BNRItemStore.m */,
				F15CCEE21C2F01B0004318F3 /* BNRImageStore.h */,
				F15CCEE31C2F01B0004318F3 /* BNRImageStore.m */,
				F1DC05C51C2C28910074ED92 /* HeadView.xib */,
				F15CCED81C2D804F004318F3 /* BNRDetailViewController.h */,
				F15CCED91C2D804F004318F3 /* BNRDetailViewController.m */,
				F1CBD4FF1C6127CA00F45384 /* BNRNavDetailViewController.h */,
				F1CBD5001C6127CA00F45384 /* BNRNavDetailViewController.m */,
				F15CCEDA1C2D804F004318F3 /* BNRDetailViewController.xib */,
				F10039CB1C40C24F00C3091F /* BNRAssetTypeTableViewController.h */,
				F10039CC1C40C24F00C3091F /* BNRAssetTypeTableViewController.m */,
				F10039CE1C40FB5400C3091F /* BNRAddNewTypeViewController.h */,
				F10039CF1C40FB5400C3091F /* BNRAddNewTypeViewController.m */,
				F10039D01C40FB5400C3091F /* BNRAddNewTypeViewController.xib */,
				F15CCEDD1C2E79FA004318F3 /* DatePickerViewController.h */,
				F15CCEDE1C2E79FA004318F3 /* DatePickerViewController.m */,
				F10039F11C4E8D4200C3091F /* DatePickerViewController.xib */,
				F10039D71C4E889300C3091F /* CameraOverLayView.xib */,
				F10039D31C4E84B500C3091F /* Settings.bundle */,
			);
			path = Homepwner;
			sourceTree = "<group>";
		};
		F1DC05801C2BE3DB0074ED92 /* Supporting Files */ = {
			isa = PBXGroup;
			children = (
				F1DC05811C2BE3DB0074ED92 /* main.m */,
			);
			name = "Supporting Files";
			sourceTree = "<group>";
		};
		F1DC05991C2BE3DB0074ED92 /* HomepwnerTests */ = {
			isa = PBXGroup;
			children = (
				F1DC059A1C2BE3DB0074ED92 /* HomepwnerTests.m */,
				F1DC059C1C2BE3DB0074ED92 /* Info.plist */,
			);
			path = HomepwnerTests;
			sourceTree = "<group>";
		};
		F1DC05A41C2BE3DB0074ED92 /* HomepwnerUITests */ = {
			isa = PBXGroup;
			children = (
				F1DC05A51C2BE3DB0074ED92 /* HomepwnerUITests.m */,
				F1DC05A71C2BE3DB0074ED92 /* Info.plist */,
			);
			path = HomepwnerUITests;
			sourceTree = "<group>";
		};
		F1DEEA731C53524600F968D5 /* back gesture */ = {
			isa = PBXGroup;
			children = (
				F1DEEA741C53528700F968D5 /* PopAnimation.h */,
				F1DEEA751C53528700F968D5 /* PopAnimation.m */,
				F1DEEA7A1C53947000F968D5 /* PopAnimationViewController.h */,
				F1DEEA7B1C53947100F968D5 /* PopAnimationViewController.m */,
			);
			name = "back gesture";
			sourceTree = "<group>";
		};
		F1F3A2FE1C3FA82300F9B31D /* core data */ = {
			isa = PBXGroup;
			children = (
				F1F3A2F81C3FA62D00F9B31D /* BNRItem.xcdatamodeld */,
				F1F3A2FB1C3FA81700F9B31D /* BNRImageTransformer.h */,
				F1F3A2FC1C3FA81700F9B31D /* BNRImageTransformer.m */,
				F1F3A2FF1C3FB3F400F9B31D /* BNRItem+CoreDataProperties.h */,
				F1F3A3001C3FB3F400F9B31D /* BNRItem+CoreDataProperties.m */,
				F1F3A3011C3FB3F400F9B31D /* BNRItem.h */,
				F1F3A3021C3FB3F400F9B31D /* BNRItem.m */,
			);
			name = "core data";
			sourceTree = "<group>";
		};
/* End PBXGroup section */

/* Begin PBXNativeTarget section */
		F1DC057C1C2BE3DA0074ED92 /* Homepwner */ = {
			isa = PBXNativeTarget;
			buildConfigurationList = F1DC05AA1C2BE3DB0074ED92 /* Build configuration list for PBXNativeTarget "Homepwner" */;
			buildPhases = (
				F1DC05791C2BE3DA0074ED92 /* Sources */,
				F1DC057A1C2BE3DA0074ED92 /* Frameworks */,
				F1DC057B1C2BE3DA0074ED92 /* Resources */,
			);
			buildRules = (
			);
			dependencies = (
			);
			name = Homepwner;
			productName = Homepwner;
			productReference = F1DC057D1C2BE3DB0074ED92 /* Homepwner.app */;
			productType = "com.apple.product-type.application";
		};
		F1DC05951C2BE3DB0074ED92 /* HomepwnerTests */ = {
			isa = PBXNativeTarget;
			buildConfigurationList = F1DC05AD1C2BE3DB0074ED92 /* Build configuration list for PBXNativeTarget "HomepwnerTests" */;
			buildPhases = (
				F1DC05921C2BE3DB0074ED92 /* Sources */,
				F1DC05931C2BE3DB0074ED92 /* Frameworks */,
				F1DC05941C2BE3DB0074ED92 /* Resources */,
			);
			buildRules = (
			);
			dependencies = (
				F1DC05981C2BE3DB0074ED92 /* PBXTargetDependency */,
			);
			name = HomepwnerTests;
			productName = HomepwnerTests;
			productReference = F1DC05961C2BE3DB0074ED92 /* HomepwnerTests.xctest */;
			productType = "com.apple.product-type.bundle.unit-test";
		};
		F1DC05A01C2BE3DB0074ED92 /* HomepwnerUITests */ = {
			isa = PBXNativeTarget;
			buildConfigurationList = F1DC05B01C2BE3DB0074ED92 /* Build configuration list for PBXNativeTarget "HomepwnerUITests" */;
			buildPhases = (
				F1DC059D1C2BE3DB0074ED92 /* Sources */,
				F1DC059E1C2BE3DB0074ED92 /* Frameworks */,
				F1DC059F1C2BE3DB0074ED92 /* Resources */,
			);
			buildRules = (
			);
			dependencies = (
				F1DC05A31C2BE3DB0074ED92 /* PBXTargetDependency */,
			);
			name = HomepwnerUITests;
			productName = HomepwnerUITests;
			productReference = F1DC05A11C2BE3DB0074ED92 /* HomepwnerUITests.xctest */;
			productType = "com.apple.product-type.bundle.ui-testing";
		};
/* End PBXNativeTarget section */

/* Begin PBXProject section */
		F1DC05751C2BE3DA0074ED92 /* Project object */ = {
			isa = PBXProject;
			attributes = {
				LastUpgradeCheck = 0700;
				ORGANIZATIONNAME = Mrtang;
				TargetAttributes = {
					F1DC057C1C2BE3DA0074ED92 = {
						CreatedOnToolsVersion = 7.0.1;
					};
					F1DC05951C2BE3DB0074ED92 = {
						CreatedOnToolsVersion = 7.0.1;
						TestTargetID = F1DC057C1C2BE3DA0074ED92;
					};
					F1DC05A01C2BE3DB0074ED92 = {
						CreatedOnToolsVersion = 7.0.1;
						TestTargetID = F1DC057C1C2BE3DA0074ED92;
					};
				};
			};
			buildConfigurationList = F1DC05781C2BE3DA0074ED92 /* Build configuration list for PBXProject "Homepwner" */;
			compatibilityVersion = "Xcode 3.2";
			developmentRegion = English;
			hasScannedForEncodings = 0;
			knownRegions = (
				Base,
				"zh-Hans",
				en,
			);
			mainGroup = F1DC05741C2BE3DA0074ED92;
			productRefGroup = F1DC057E1C2BE3DB0074ED92 /* Products */;
			projectDirPath = "";
			projectRoot = "";
			targets = (
				F1DC057C1C2BE3DA0074ED92 /* Homepwner */,
				F1DC05951C2BE3DB0074ED92 /* HomepwnerTests */,
				F1DC05A01C2BE3DB0074ED92 /* HomepwnerUITests */,
			);
		};
/* End PBXProject section */

/* Begin PBXResourcesBuildPhase section */
		F1DC057B1C2BE3DA0074ED92 /* Resources */ = {
			isa = PBXResourcesBuildPhase;
			buildActionMask = 2147483647;
			files = (
				F10039D51C4E889300C3091F /* CameraOverLayView.xib in Resources */,
				F1F3A2A01C3A5DCF00F9B31D /* BNRItemCell.xib in Resources */,
				F10039D41C4E84B600C3091F /* Settings.bundle in Resources */,
				F10039EF1C4E8D4200C3091F /* DatePickerViewController.xib in Resources */,
				F1DC05901C2BE3DB0074ED92 /* LaunchScreen.storyboard in Resources */,
				F10039D21C40FB5400C3091F /* BNRAddNewTypeViewController.xib in Resources */,
				F1DC058D1C2BE3DB0074ED92 /* Assets.xcassets in Resources */,
				F1DC058B1C2BE3DB0074ED92 /* Main.storyboard in Resources */,
				F1DC05C61C2C28910074ED92 /* HeadView.xib in Resources */,
				F15CCEDC1C2D804F004318F3 /* BNRDetailViewController.xib in Resources */,
			);
			runOnlyForDeploymentPostprocessing = 0;
		};
		F1DC05941C2BE3DB0074ED92 /* Resources */ = {
			isa = PBXResourcesBuildPhase;
			buildActionMask = 2147483647;
			files = (
			);
			runOnlyForDeploymentPostprocessing = 0;
		};
		F1DC059F1C2BE3DB0074ED92 /* Resources */ = {
			isa = PBXResourcesBuildPhase;
			buildActionMask = 2147483647;
			files = (
			);
			runOnlyForDeploymentPostprocessing = 0;
		};
/* End PBXResourcesBuildPhase section */

/* Begin PBXSourcesBuildPhase section */
		F1DC05791C2BE3DA0074ED92 /* Sources */ = {
			isa = PBXSourcesBuildPhase;
			buildActionMask = 2147483647;
			files = (
				F1F3A2FA1C3FA62E00F9B31D /* BNRItem.xcdatamodeld in Sources */,
				F15CCEE41C2F01B0004318F3 /* BNRImageStore.m in Sources */,
				F1DEEA7C1C53947100F968D5 /* PopAnimationViewController.m in Sources */,
				F15CCEDB1C2D804F004318F3 /* BNRDetailViewController.m in Sources */,
				F1F3A3031C3FB3F400F9B31D /* BNRItem+CoreDataProperties.m in Sources */,
				F1DEEA761C53528700F968D5 /* PopAnimation.m in Sources */,
				F1DC05B81C2BE5370074ED92 /* BNRItemsTableViewController.m in Sources */,
				F1CBD5011C6127CA00F45384 /* BNRNavDetailViewController.m in Sources */,
				F10039CD1C40C24F00C3091F /* BNRAssetTypeTableViewController.m in Sources */,
				F1F3A2FD1C3FA81700F9B31D /* BNRImageTransformer.m in Sources */,
				F1F3A29E1C3A5D9200F9B31D /* BNRItemCell.m in Sources */,
				F1F3A3041C3FB3F400F9B31D /* BNRItem.m in Sources */,
				F1DC05881C2BE3DB0074ED92 /* ViewController.m in Sources */,
				F1DC05851C2BE3DB0074ED92 /* AppDelegate.m in Sources */,
				F1DC05821C2BE3DB0074ED92 /* main.m in Sources */,
				F1DC05BB1C2BE7B50074ED92 /* BNRItemStore.m in Sources */,
				F15CCEE01C2E79FA004318F3 /* DatePickerViewController.m in Sources */,
				F10039D11C40FB5400C3091F /* BNRAddNewTypeViewController.m in Sources */,
				F1F3A2A81C3AAE3500F9B31D /* BNRImageViewController.m in Sources */,
			);
			runOnlyForDeploymentPostprocessing = 0;
		};
		F1DC05921C2BE3DB0074ED92 /* Sources */ = {
			isa = PBXSourcesBuildPhase;
			buildActionMask = 2147483647;
			files = (
				F1DC059B1C2BE3DB0074ED92 /* HomepwnerTests.m in Sources */,
			);
			runOnlyForDeploymentPostprocessing = 0;
		};
		F1DC059D1C2BE3DB0074ED92 /* Sources */ = {
			isa = PBXSourcesBuildPhase;
			buildActionMask = 2147483647;
			files = (
				F1DC05A61C2BE3DB0074ED92 /* HomepwnerUITests.m in Sources */,
			);
			runOnlyForDeploymentPostprocessing = 0;
		};
/* End PBXSourcesBuildPhase section */

/* Begin PBXTargetDependency section */
		F1DC05981C2BE3DB0074ED92 /* PBXTargetDependency */ = {
			isa = PBXTargetDependency;
			target = F1DC057C1C2BE3DA0074ED92 /* Homepwner */;
			targetProxy = F1DC05971C2BE3DB0074ED92 /* PBXContainerItemProxy */;
		};
		F1DC05A31C2BE3DB0074ED92 /* PBXTargetDependency */ = {
			isa = PBXTargetDependency;
			target = F1DC057C1C2BE3DA0074ED92 /* Homepwner */;
			targetProxy = F1DC05A21C2BE3DB0074ED92 /* PBXContainerItemProxy */;
		};
/* End PBXTargetDependency section */

/* Begin PBXVariantGroup section */
		F10039D71C4E889300C3091F /* CameraOverLayView.xib */ = {
			isa = PBXVariantGroup;
			children = (
				F10039E61C4E8C5A00C3091F /* Base */,
				F10039E81C4E8CA400C3091F /* zh-Hans */,
				F10039EB1C4E8CFC00C3091F /* zh-Hant */,
				F10039EE1C4E8D2C00C3091F /* en */,
			);
			name = CameraOverLayView.xib;
			sourceTree = "<group>";
		};
		F10039F11C4E8D4200C3091F /* DatePickerViewController.xib */ = {
			isa = PBXVariantGroup;
			children = (
				F10039F01C4E8D4200C3091F /* Base */,
				F10039F31C4E8D4B00C3091F /* zh-Hans */,
				F10039F51C4E8D4F00C3091F /* en */,
			);
			name = DatePickerViewController.xib;
			sourceTree = "<group>";
		};
		F1DC05891C2BE3DB0074ED92 /* Main.storyboard */ = {
			isa = PBXVariantGroup;
			children = (
				F10039E41C4E8C5900C3091F /* Base */,
				F10039E91C4E8CFB00C3091F /* zh-Hant */,
				F10039EC1C4E8D2C00C3091F /* en */,
			);
			name = Main.storyboard;
			sourceTree = "<group>";
		};
		F1DC058E1C2BE3DB0074ED92 /* LaunchScreen.storyboard */ = {
			isa = PBXVariantGroup;
			children = (
				F10039E51C4E8C5900C3091F /* Base */,
				F10039EA1C4E8CFC00C3091F /* zh-Hant */,
				F10039ED1C4E8D2C00C3091F /* en */,
			);
			name = LaunchScreen.storyboard;
			sourceTree = "<group>";
		};
/* End PBXVariantGroup section */

/* Begin XCBuildConfiguration section */
		F1DC05A81C2BE3DB0074ED92 /* Debug */ = {
			isa = XCBuildConfiguration;
			buildSettings = {
				ALWAYS_SEARCH_USER_PATHS = NO;
				CLANG_CXX_LANGUAGE_STANDARD = "gnu++0x";
				CLANG_CXX_LIBRARY = "libc++";
				CLANG_ENABLE_MODULES = YES;
				CLANG_ENABLE_OBJC_ARC = YES;
				CLANG_WARN_BOOL_CONVERSION = YES;
				CLANG_WARN_CONSTANT_CONVERSION = YES;
				CLANG_WARN_DIRECT_OBJC_ISA_USAGE = YES_ERROR;
				CLANG_WARN_EMPTY_BODY = YES;
				CLANG_WARN_ENUM_CONVERSION = YES;
				CLANG_WARN_INT_CONVERSION = YES;
				CLANG_WARN_OBJC_ROOT_CLASS = YES_ERROR;
				CLANG_WARN_UNREACHABLE_CODE = YES;
				CLANG_WARN__DUPLICATE_METHOD_MATCH = YES;
				"CODE_SIGN_IDENTITY[sdk=iphoneos*]" = "iPhone Developer";
				COPY_PHASE_STRIP = NO;
				DEBUG_INFORMATION_FORMAT = dwarf;
				ENABLE_STRICT_OBJC_MSGSEND = YES;
				ENABLE_TESTABILITY = YES;
				GCC_C_LANGUAGE_STANDARD = gnu99;
				GCC_DYNAMIC_NO_PIC = NO;
				GCC_NO_COMMON_BLOCKS = YES;
				GCC_OPTIMIZATION_LEVEL = 0;
				GCC_PREPROCESSOR_DEFINITIONS = (
					"DEBUG=1",
					"$(inherited)",
				);
				GCC_WARN_64_TO_32_BIT_CONVERSION = YES;
				GCC_WARN_ABOUT_RETURN_TYPE = YES_ERROR;
				GCC_WARN_UNDECLARED_SELECTOR = YES;
				GCC_WARN_UNINITIALIZED_AUTOS = YES_AGGRESSIVE;
				GCC_WARN_UNUSED_FUNCTION = YES;
				GCC_WARN_UNUSED_VARIABLE = YES;
				IPHONEOS_DEPLOYMENT_TARGET = 9.0;
				MTL_ENABLE_DEBUG_INFO = YES;
				ONLY_ACTIVE_ARCH = YES;
				SDKROOT = iphoneos;
			};
			name = Debug;
		};
		F1DC05A91C2BE3DB0074ED92 /* Release */ = {
			isa = XCBuildConfiguration;
			buildSettings = {
				ALWAYS_SEARCH_USER_PATHS = NO;
				CLANG_CXX_LANGUAGE_STANDARD = "gnu++0x";
				CLANG_CXX_LIBRARY = "libc++";
				CLANG_ENABLE_MODULES = YES;
				CLANG_ENABLE_OBJC_ARC = YES;
				CLANG_WARN_BOOL_CONVERSION = YES;
				CLANG_WARN_CONSTANT_CONVERSION = YES;
				CLANG_WARN_DIRECT_OBJC_ISA_USAGE = YES_ERROR;
				CLANG_WARN_EMPTY_BODY = YES;
				CLANG_WARN_ENUM_CONVERSION = YES;
				CLANG_WARN_INT_CONVERSION = YES;
				CLANG_WARN_OBJC_ROOT_CLASS = YES_ERROR;
				CLANG_WARN_UNREACHABLE_CODE = YES;
				CLANG_WARN__DUPLICATE_METHOD_MATCH = YES;
				"CODE_SIGN_IDENTITY[sdk=iphoneos*]" = "iPhone Developer";
				COPY_PHASE_STRIP = NO;
				DEBUG_INFORMATION_FORMAT = "dwarf-with-dsym";
				ENABLE_NS_ASSERTIONS = NO;
				ENABLE_STRICT_OBJC_MSGSEND = YES;
				GCC_C_LANGUAGE_STANDARD = gnu99;
				GCC_NO_COMMON_BLOCKS = YES;
				GCC_WARN_64_TO_32_BIT_CONVERSION = YES;
				GCC_WARN_ABOUT_RETURN_TYPE = YES_ERROR;
				GCC_WARN_UNDECLARED_SELECTOR = YES;
				GCC_WARN_UNINITIALIZED_AUTOS = YES_AGGRESSIVE;
				GCC_WARN_UNUSED_FUNCTION = YES;
				GCC_WARN_UNUSED_VARIABLE = YES;
				IPHONEOS_DEPLOYMENT_TARGET = 9.0;
				MTL_ENABLE_DEBUG_INFO = NO;
				SDKROOT = iphoneos;
				VALIDATE_PRODUCT = YES;
			};
			name = Release;
		};
		F1DC05AB1C2BE3DB0074ED92 /* Debug */ = {
			isa = XCBuildConfiguration;
			buildSettings = {
				ASSETCATALOG_COMPILER_APPICON_NAME = AppIcon;
				INFOPLIST_FILE = Homepwner/Info.plist;
				LD_RUNPATH_SEARCH_PATHS = "$(inherited) @executable_path/Frameworks";
				PRODUCT_BUNDLE_IDENTIFIER = com.mrtang.Homepwner;
				PRODUCT_NAME = "$(TARGET_NAME)";
				TARGETED_DEVICE_FAMILY = "1,2";
			};
			name = Debug;
		};
		F1DC05AC1C2BE3DB0074ED92 /* Release */ = {
			isa = XCBuildConfiguration;
			buildSettings = {
				ASSETCATALOG_COMPILER_APPICON_NAME = AppIcon;
				INFOPLIST_FILE = Homepwner/Info.plist;
				LD_RUNPATH_SEARCH_PATHS = "$(inherited) @executable_path/Frameworks";
				PRODUCT_BUNDLE_IDENTIFIER = com.mrtang.Homepwner;
				PRODUCT_NAME = "$(TARGET_NAME)";
				TARGETED_DEVICE_FAMILY = "1,2";
			};
			name = Release;
		};
		F1DC05AE1C2BE3DB0074ED92 /* Debug */ = {
			isa = XCBuildConfiguration;
			buildSettings = {
				BUNDLE_LOADER = "$(TEST_HOST)";
				INFOPLIST_FILE = HomepwnerTests/Info.plist;
				LD_RUNPATH_SEARCH_PATHS = "$(inherited) @executable_path/Frameworks @loader_path/Frameworks";
				PRODUCT_BUNDLE_IDENTIFIER = com.mrtang.HomepwnerTests;
				PRODUCT_NAME = "$(TARGET_NAME)";
				TEST_HOST = "$(BUILT_PRODUCTS_DIR)/Homepwner.app/Homepwner";
			};
			name = Debug;
		};
		F1DC05AF1C2BE3DB0074ED92 /* Release */ = {
			isa = XCBuildConfiguration;
			buildSettings = {
				BUNDLE_LOADER = "$(TEST_HOST)";
				INFOPLIST_FILE = HomepwnerTests/Info.plist;
				LD_RUNPATH_SEARCH_PATHS = "$(inherited) @executable_path/Frameworks @loader_path/Frameworks";
				PRODUCT_BUNDLE_IDENTIFIER = com.mrtang.HomepwnerTests;
				PRODUCT_NAME = "$(TARGET_NAME)";
				TEST_HOST = "$(BUILT_PRODUCTS_DIR)/Homepwner.app/Homepwner";
			};
			name = Release;
		};
		F1DC05B11C2BE3DB0074ED92 /* Debug */ = {
			isa = XCBuildConfiguration;
			buildSettings = {
				INFOPLIST_FILE = HomepwnerUITests/Info.plist;
				LD_RUNPATH_SEARCH_PATHS = "$(inherited) @executable_path/Frameworks @loader_path/Frameworks";
				PRODUCT_BUNDLE_IDENTIFIER = com.mrtang.HomepwnerUITests;
				PRODUCT_NAME = "$(TARGET_NAME)";
				TEST_TARGET_NAME = Homepwner;
				USES_XCTRUNNER = YES;
			};
			name = Debug;
		};
		F1DC05B21C2BE3DB0074ED92 /* Release */ = {
			isa = XCBuildConfiguration;
			buildSettings = {
				INFOPLIST_FILE = HomepwnerUITests/Info.plist;
				LD_RUNPATH_SEARCH_PATHS = "$(inherited) @executable_path/Frameworks @loader_path/Frameworks";
				PRODUCT_BUNDLE_IDENTIFIER = com.mrtang.HomepwnerUITests;
				PRODUCT_NAME = "$(TARGET_NAME)";
				TEST_TARGET_NAME = Homepwner;
				USES_XCTRUNNER = YES;
			};
			name = Release;
		};
/* End XCBuildConfiguration section */

/* Begin XCConfigurationList section */
		F1DC05781C2BE3DA0074ED92 /* Build configuration list for PBXProject "Homepwner" */ = {
			isa = XCConfigurationList;
			buildConfigurations = (
				F1DC05A81C2BE3DB0074ED92 /* Debug */,
				F1DC05A91C2BE3DB0074ED92 /* Release */,
			);
			defaultConfigurationIsVisible = 0;
			defaultConfigurationName = Release;
		};
		F1DC05AA1C2BE3DB0074ED92 /* Build configuration list for PBXNativeTarget "Homepwner" */ = {
			isa = XCConfigurationList;
			buildConfigurations = (
				F1DC05AB1C2BE3DB0074ED92 /* Debug */,
				F1DC05AC1C2BE3DB0074ED92 /* Release */,
			);
			defaultConfigurationIsVisible = 0;
			defaultConfigurationName = Release;
		};
		F1DC05AD1C2BE3DB0074ED92 /* Build configuration list for PBXNativeTarget "HomepwnerTests" */ = {
			isa = XCConfigurationList;
			buildConfigurations = (
				F1DC05AE1C2BE3DB0074ED92 /* Debug */,
				F1DC05AF1C2BE3DB0074ED92 /* Release */,
			);
			defaultConfigurationIsVisible = 0;
			defaultConfigurationName = Release;
		};
		F1DC05B01C2BE3DB0074ED92 /* Build configuration list for PBXNativeTarget "HomepwnerUITests" */ = {
			isa = XCConfigurationList;
			buildConfigurations = (
				F1DC05B11C2BE3DB0074ED92 /* Debug */,
				F1DC05B21C2BE3DB0074ED92 /* Release */,
			);
			defaultConfigurationIsVisible = 0;
			defaultConfigurationName = Release;
		};
/* End XCConfigurationList section */

/* Begin XCVersionGroup section */
		F1F3A2F81C3FA62D00F9B31D /* BNRItem.xcdatamodeld */ = {
			isa = XCVersionGroup;
			children = (
				F1F3A2F91C3FA62E00F9B31D /* BNRItem.xcdatamodel */,
			);
			currentVersion = F1F3A2F91C3FA62E00F9B31D /* BNRItem.xcdatamodel */;
			name = BNRItem.xcdatamodeld;
			path = ../BNRItem.xcdatamodeld;
			sourceTree = "<group>";
			versionGroupType = wrapper.xcdatamodel;
		};
/* End XCVersionGroup section */
	};
	rootObject = F1DC05751C2BE3DA0074ED92 /* Project object */;
}
